
Microsoft Visual Studio Solution File, Format Version 12.00
# Visual Studio Version 17
VisualStudioVersion = 17.10.35027.167
MinimumVisualStudioVersion = 10.0.40219.1
Project("{8BC9CEB8-8B4A-11D0-8D11-00A0C91BC942}") = "Valorant Picker C", "Valorant Picker C\Valorant Picker C.vcxproj", "{BB0E8E90-7513-4AC7-8AE1-A912CBE50A29}"
EndProject
Global
	GlobalSection(SolutionConfigurationPlatforms) = preSolution
		Debug|x64 = Debug|x64
		Debug|x86 = Debug|x86
		Release|x64 = Release|x64
		Release|x86 = Release|x86
	EndGlobalSection
	GlobalSection(ProjectConfigurationPlatforms) = postSolution
		{BB0E8E90-7513-4AC7-8AE1-A912CBE50A29}.Debug|x64.ActiveCfg = Debug|x64
		{BB0E8E90-7513-4AC7-8AE1-A912CBE50A29}.Debug|x64.Build.0 = Debug|x64
		{BB0E8E90-7513-4AC7-8AE1-A912CBE50A29}.Debug|x86.ActiveCfg = Debug|Win32
		{BB0E8E90-7513-4AC7-8AE1-A912CBE50A29}.Debug|x86.Build.0 = Debug|Win32
		{BB0E8E90-7513-4AC7-8AE1-A912CBE50A29}.Release|x64.ActiveCfg = Release|x64
		{BB0E8E90-7513-4AC7-8AE1-A912CBE50A29}.Release|x64.Build.0 = Release|x64
		{BB0E8E90-7513-4AC7-8AE1-A912CBE50A29}.Release|x86.ActiveCfg = Release|Win32
		{BB0E8E90-7513-4AC7-8AE1-A912CBE50A29}.Release|x86.Build.0 = Release|Win32
	EndGlobalSection
	GlobalSection(SolutionProperties) = preSolution
		HideSolutionNode = FALSE
	EndGlobalSection
	GlobalSection(ExtensibilityGlobals) = postSolution
		SolutionGuid = {F5AD79B8-8DB2-4130-8D9E-CC8B4A01DFC5}
	EndGlobalSection
EndGlobal
